uuid: 76cb93b6-36f5-4ede-be45-9150b0bb4349
langcode: it
status: true
dependencies:
  module:
    - facets_active_entity_block
    - system
  theme:
    - drupal8_zymphonies_theme
id: facetsactiveentityblock
theme: drupal8_zymphonies_theme
region: highlighted
weight: -4
provider: null
plugin: facets_active_entity
settings:
  id: facets_active_entity
  label: 'Correla i tags.....'
  provider: facets_active_entity_block
  label_display: visible
  enabled_facets:
    parole_chiave: parole_chiave
  view_mode: ''
visibility:
  request_path:
    id: request_path
    pages: '<front>'
    negate: false
    context_mapping: {  }
